// !$*UTF8*$!
{
	archiveVersion = 1;
	classes = {
	};
	objectVersion = 77;
	objects = {

/* Begin PBXBuildFile section */
		DD4E4D1C2E3955C1003CDCA5 /* CalculatorCategory.swift in Sources */ = {isa = PBXBuildFile; fileRef = DD4E4D012E3955C1003CDCA5 /* CalculatorCategory.swift */; };
		DD4E4D1F2E3955C1003CDCA5 /* PlaceholderViews.swift in Sources */ = {isa = PBXBuildFile; fileRef = DD4E4D182E3955C1003CDCA5 /* PlaceholderViews.swift */; };
		DD4E4D202E3955C1003CDCA5 /* Calculator.swift in Sources */ = {isa = PBXBuildFile; fileRef = DD4E4D002E3955C1003CDCA5 /* Calculator.swift */; };
		DD4E4D212E3955C1003CDCA5 /* CalculatorView.swift in Sources */ = {isa = PBXBuildFile; fileRef = DD4E4D152E3955C1003CDCA5 /* CalculatorView.swift */; };
		DD4E4D242E3955C1003CDCA5 /* ContentView.swift in Sources */ = {isa = PBXBuildFile; fileRef = DD4E4D172E3955C1003CDCA5 /* ContentView.swift */; };
		DD4E4D252E3955C1003CDCA5 /* CalcBoxApp.swift in Sources */ = {isa = PBXBuildFile; fileRef = DD4E4CFF2E3955C1003CDCA5 /* CalcBoxApp.swift */; };
		DD4E4D262E3955C1003CDCA5 /* CalculatorInputField.swift in Sources */ = {isa = PBXBuildFile; fileRef = DD4E4D142E3955C1003CDCA5 /* CalculatorInputField.swift */; };
		DD4E4D272E3955C1003CDCA5 /* README.md in Resources */ = {isa = PBXBuildFile; fileRef = DD4E4D032E3955C1003CDCA5 /* README.md */; };
		DD4E4D282E3955C1003CDCA5 /* SETUP_INSTRUCTIONS.md in Resources */ = {isa = PBXBuildFile; fileRef = DD4E4D062E3955C1003CDCA5 /* SETUP_INSTRUCTIONS.md */; };
		DDD66D572E3DBE1E00C6E76D /* SharedCalculatorComponents.swift in Sources */ = {isa = PBXBuildFile; fileRef = DDD66D562E3DBE1E00C6E76D /* SharedCalculatorComponents.swift */; };
		DDD66D582E3DBE2000C6E76D /* DecimalPadInputField.swift in Sources */ = {isa = PBXBuildFile; fileRef = DDD66D592E3DBE2000C6E76D /* DecimalPadInputField.swift */; };
		DDD66D5A2E3DBE2100C6E76D /* KeyboardObserver.swift in Sources */ = {isa = PBXBuildFile; fileRef = DDD66D5B2E3DBE2100C6E76D /* KeyboardObserver.swift */; };
/* End PBXBuildFile section */

/* Begin PBXFileReference section */
		DD4E4CEE2E395458003CDCA5 /* CalcBox.app */ = {isa = PBXFileReference; explicitFileType = wrapper.application; includeInIndex = 0; path = CalcBox.app; sourceTree = BUILT_PRODUCTS_DIR; };
		DD4E4CFF2E3955C1003CDCA5 /* CalcBoxApp.swift */ = {isa = PBXFileReference; lastKnownFileType = sourcecode.swift; path = CalcBoxApp.swift; sourceTree = "<group>"; };
		DD4E4D002E3955C1003CDCA5 /* Calculator.swift */ = {isa = PBXFileReference; lastKnownFileType = sourcecode.swift; path = Calculator.swift; sourceTree = "<group>"; };
		DD4E4D012E3955C1003CDCA5 /* CalculatorCategory.swift */ = {isa = PBXFileReference; lastKnownFileType = sourcecode.swift; path = CalculatorCategory.swift; sourceTree = "<group>"; };
		DD4E4D032E3955C1003CDCA5 /* README.md */ = {isa = PBXFileReference; lastKnownFileType = net.daringfireball.markdown; path = README.md; sourceTree = "<group>"; };
		DD4E4D062E3955C1003CDCA5 /* SETUP_INSTRUCTIONS.md */ = {isa = PBXFileReference; lastKnownFileType = net.daringfireball.markdown; path = SETUP_INSTRUCTIONS.md; sourceTree = "<group>"; };
		DD4E4D142E3955C1003CDCA5 /* CalculatorInputField.swift */ = {isa = PBXFileReference; lastKnownFileType = sourcecode.swift; path = CalculatorInputField.swift; sourceTree = "<group>"; };
		DD4E4D152E3955C1003CDCA5 /* CalculatorView.swift */ = {isa = PBXFileReference; lastKnownFileType = sourcecode.swift; path = CalculatorView.swift; sourceTree = "<group>"; };
		DD4E4D172E3955C1003CDCA5 /* ContentView.swift */ = {isa = PBXFileReference; lastKnownFileType = sourcecode.swift; path = ContentView.swift; sourceTree = "<group>"; };
		DD4E4D182E3955C1003CDCA5 /* PlaceholderViews.swift */ = {isa = PBXFileReference; lastKnownFileType = sourcecode.swift; path = PlaceholderViews.swift; sourceTree = "<group>"; };
		DDD66D562E3DBE1E00C6E76D /* SharedCalculatorComponents.swift */ = {isa = PBXFileReference; lastKnownFileType = sourcecode.swift; path = SharedCalculatorComponents.swift; sourceTree = "<group>"; };
		DDD66D592E3DBE2000C6E76D /* DecimalPadInputField.swift */ = {isa = PBXFileReference; lastKnownFileType = sourcecode.swift; path = DecimalPadInputField.swift; sourceTree = "<group>"; };
		DDD66D5B2E3DBE2100C6E76D /* KeyboardObserver.swift */ = {isa = PBXFileReference; lastKnownFileType = sourcecode.swift; path = KeyboardObserver.swift; sourceTree = "<group>"; };
/* End PBXFileReference section */

/* Begin PBXFileSystemSynchronizedRootGroup section */
		DD4E4CF02E395458003CDCA5 /* CalcBox */ = {
			isa = PBXFileSystemSynchronizedRootGroup;
			path = CalcBox;
			sourceTree = "<group>";
		};
		DDD66D4D2E3DB07500C6E76D /* Calculators */ = {
			isa = PBXFileSystemSynchronizedRootGroup;
			path = Calculators;
			sourceTree = "<group>";
		};
/* End PBXFileSystemSynchronizedRootGroup section */

/* Begin PBXFrameworksBuildPhase section */
		DD4E4CEB2E395458003CDCA5 /* Frameworks */ = {
			isa = PBXFrameworksBuildPhase;
			buildActionMask = 2147483647;
			files = (
			);
			runOnlyForDeploymentPostprocessing = 0;
		};
/* End PBXFrameworksBuildPhase section */

/* Begin PBXGroup section */
		DD4E4CE52E395458003CDCA5 = {
			isa = PBXGroup;
			children = (
				DD4E4CFF2E3955C1003CDCA5 /* CalcBoxApp.swift */,
				DD4E4D022E3955C1003CDCA5 /* Models */,
				DD4E4D032E3955C1003CDCA5 /* README.md */,
				DD4E4D042E3955C1003CDCA5 /* Resources */,
				DD4E4D052E3955C1003CDCA5 /* Services */,
				DD4E4D062E3955C1003CDCA5 /* SETUP_INSTRUCTIONS.md */,
				DD4E4D072E3955C1003CDCA5 /* ViewModels */,
				DD4E4D192E3955C1003CDCA5 /* Views */,
				DD4E4CF02E395458003CDCA5 /* CalcBox */,
				DD4E4CEF2E395458003CDCA5 /* Products */,
			);
			sourceTree = "<group>";
		};
		DD4E4CEF2E395458003CDCA5 /* Products */ = {
			isa = PBXGroup;
			children = (
				DD4E4CEE2E395458003CDCA5 /* CalcBox.app */,
			);
			name = Products;
			sourceTree = "<group>";
		};
		DD4E4D022E3955C1003CDCA5 /* Models */ = {
			isa = PBXGroup;
			children = (
				DD4E4D002E3955C1003CDCA5 /* Calculator.swift */,
				DD4E4D012E3955C1003CDCA5 /* CalculatorCategory.swift */,
			);
			path = Models;
			sourceTree = "<group>";
		};
		DD4E4D042E3955C1003CDCA5 /* Resources */ = {
			isa = PBXGroup;
			children = (
			);
			path = Resources;
			sourceTree = "<group>";
		};
		DD4E4D052E3955C1003CDCA5 /* Services */ = {
			isa = PBXGroup;
			children = (
			);
			path = Services;
			sourceTree = "<group>";
		};
		DD4E4D072E3955C1003CDCA5 /* ViewModels */ = {
			isa = PBXGroup;
			children = (
			);
			path = ViewModels;
			sourceTree = "<group>";
		};
		DD4E4D162E3955C1003CDCA5 /* Components */ = {
			isa = PBXGroup;
			children = (
				DD4E4D142E3955C1003CDCA5 /* CalculatorInputField.swift */,
				DD4E4D152E3955C1003CDCA5 /* CalculatorView.swift */,
				DDD66D562E3DBE1E00C6E76D /* SharedCalculatorComponents.swift */,
				DDD66D592E3DBE2000C6E76D /* DecimalPadInputField.swift */,
				DDD66D5B2E3DBE2100C6E76D /* KeyboardObserver.swift */,
			);
			path = Components;
			sourceTree = "<group>";
		};
		DD4E4D192E3955C1003CDCA5 /* Views */ = {
			isa = PBXGroup;
			children = (
				DDD66D4D2E3DB07500C6E76D /* Calculators */,
				DD4E4D162E3955C1003CDCA5 /* Components */,
				DD4E4D172E3955C1003CDCA5 /* ContentView.swift */,
				DD4E4D182E3955C1003CDCA5 /* PlaceholderViews.swift */,
			);
			path = Views;
			sourceTree = "<group>";
		};
/* End PBXGroup section */

/* Begin PBXNativeTarget section */
		DD4E4CED2E395458003CDCA5 /* CalcBox */ = {
			isa = PBXNativeTarget;
			buildConfigurationList = DD4E4CF92E395459003CDCA5 /* Build configuration list for PBXNativeTarget "CalcBox" */;
			buildPhases = (
				DD4E4CEA2E395458003CDCA5 /* Sources */,
				DD4E4CEB2E395458003CDCA5 /* Frameworks */,
				DD4E4CEC2E395458003CDCA5 /* Resources */,
			);
			buildRules = (
			);
			dependencies = (
			);
			fileSystemSynchronizedGroups = (
				DD4E4CF02E395458003CDCA5 /* CalcBox */,
				DDD66D4D2E3DB07500C6E76D /* Calculators */,
			);
			name = CalcBox;
			packageProductDependencies = (
			);
			productName = CalcBox;
			productReference = DD4E4CEE2E395458003CDCA5 /* CalcBox.app */;
			productType = "com.apple.product-type.application";
		};
/* End PBXNativeTarget section */

/* Begin PBXProject section */
		DD4E4CE62E395458003CDCA5 /* Project object */ = {
			isa = PBXProject;
			attributes = {
				BuildIndependentTargetsInParallel = 1;
				LastSwiftUpdateCheck = 1640;
				LastUpgradeCheck = 1640;
				TargetAttributes = {
					DD4E4CED2E395458003CDCA5 = {
						CreatedOnToolsVersion = 16.4;
					};
				};
			};
			buildConfigurationList = DD4E4CE92E395458003CDCA5 /* Build configuration list for PBXProject "CalcBox" */;
			developmentRegion = en;
			hasScannedForEncodings = 0;
			knownRegions = (
				en,
				Base,
			);
			mainGroup = DD4E4CE52E395458003CDCA5;
			minimizedProjectReferenceProxies = 1;
			preferredProjectObjectVersion = 77;
			productRefGroup = DD4E4CEF2E395458003CDCA5 /* Products */;
			projectDirPath = "";
			projectRoot = "";
			targets = (
				DD4E4CED2E395458003CDCA5 /* CalcBox */,
			);
		};
/* End PBXProject section */

/* Begin PBXResourcesBuildPhase section */
		DD4E4CEC2E395458003CDCA5 /* Resources */ = {
			isa = PBXResourcesBuildPhase;
			buildActionMask = 2147483647;
			files = (
				DD4E4D272E3955C1003CDCA5 /* README.md in Resources */,
				DD4E4D282E3955C1003CDCA5 /* SETUP_INSTRUCTIONS.md in Resources */,
			);
			runOnlyForDeploymentPostprocessing = 0;
		};
/* End PBXResourcesBuildPhase section */

/* Begin PBXSourcesBuildPhase section */
		DD4E4CEA2E395458003CDCA5 /* Sources */ = {
			isa = PBXSourcesBuildPhase;
			buildActionMask = 2147483647;
			files = (
				DD4E4D1C2E3955C1003CDCA5 /* CalculatorCategory.swift in Sources */,
				DDD66D572E3DBE1E00C6E76D /* SharedCalculatorComponents.swift in Sources */,
				DD4E4D1F2E3955C1003CDCA5 /* PlaceholderViews.swift in Sources */,
				DD4E4D202E3955C1003CDCA5 /* Calculator.swift in Sources */,
				DD4E4D212E3955C1003CDCA5 /* CalculatorView.swift in Sources */,
				DD4E4D242E3955C1003CDCA5 /* ContentView.swift in Sources */,
				DD4E4D252E3955C1003CDCA5 /* CalcBoxApp.swift in Sources */,
				DD4E4D262E3955C1003CDCA5 /* CalculatorInputField.swift in Sources */,
				DDD66D582E3DBE2000C6E76D /* DecimalPadInputField.swift in Sources */,
				DDD66D5A2E3DBE2100C6E76D /* KeyboardObserver.swift in Sources */,
			);
			runOnlyForDeploymentPostprocessing = 0;
		};
/* End PBXSourcesBuildPhase section */

/* Begin XCBuildConfiguration section */
		DD4E4CF72E395459003CDCA5 /* Debug */ = {
			isa = XCBuildConfiguration;
			buildSettings = {
				ALWAYS_SEARCH_USER_PATHS = NO;
				ASSETCATALOG_COMPILER_GENERATE_SWIFT_ASSET_SYMBOL_EXTENSIONS = YES;
				CLANG_ANALYZER_NONNULL = YES;
				CLANG_ANALYZER_NUMBER_OBJECT_CONVERSION = YES_AGGRESSIVE;
				CLANG_CXX_LANGUAGE_STANDARD = "gnu++20";
				CLANG_ENABLE_MODULES = YES;
				CLANG_ENABLE_OBJC_ARC = YES;
				CLANG_ENABLE_OBJC_WEAK = YES;
				CLANG_WARN_BLOCK_CAPTURE_AUTORELEASING = YES;
				CLANG_WARN_BOOL_CONVERSION = YES;
				CLANG_WARN_COMMA = YES;
				CLANG_WARN_CONSTANT_CONVERSION = YES;
				CLANG_WARN_DEPRECATED_OBJC_IMPLEMENTATIONS = YES;
				CLANG_WARN_DIRECT_OBJC_ISA_USAGE = YES_ERROR;
				CLANG_WARN_DOCUMENTATION_COMMENTS = YES;
				CLANG_WARN_EMPTY_BODY = YES;
				CLANG_WARN_ENUM_CONVERSION = YES;
				CLANG_WARN_INFINITE_RECURSION = YES;
				CLANG_WARN_INT_CONVERSION = YES;
				CLANG_WARN_NON_LITERAL_NULL_CONVERSION = YES;
				CLANG_WARN_OBJC_IMPLICIT_RETAIN_SELF = YES;
				CLANG_WARN_OBJC_LITERAL_CONVERSION = YES;
				CLANG_WARN_OBJC_ROOT_CLASS = YES_ERROR;
				CLANG_WARN_QUOTED_INCLUDE_IN_FRAMEWORK_HEADER = YES;
				CLANG_WARN_RANGE_LOOP_ANALYSIS = YES;
				CLANG_WARN_STRICT_PROTOTYPES = YES;
				CLANG_WARN_SUSPICIOUS_MOVE = YES;
				CLANG_WARN_UNGUARDED_AVAILABILITY = YES_AGGRESSIVE;
				CLANG_WARN_UNREACHABLE_CODE = YES;
				CLANG_WARN__DUPLICATE_METHOD_MATCH = YES;
				COPY_PHASE_STRIP = NO;
				DEBUG_INFORMATION_FORMAT = dwarf;
				DEVELOPMENT_TEAM = K89LYL2W7L;
				ENABLE_STRICT_OBJC_MSGSEND = YES;
				ENABLE_TESTABILITY = YES;
				ENABLE_USER_SCRIPT_SANDBOXING = YES;
				GCC_C_LANGUAGE_STANDARD = gnu17;
				GCC_DYNAMIC_NO_PIC = NO;
				GCC_NO_COMMON_BLOCKS = YES;
				GCC_OPTIMIZATION_LEVEL = 0;
				GCC_PREPROCESSOR_DEFINITIONS = (
					"DEBUG=1",
					"$(inherited)",
				);
				GCC_WARN_64_TO_32_BIT_CONVERSION = YES;
				GCC_WARN_ABOUT_RETURN_TYPE = YES_ERROR;
				GCC_WARN_UNDECLARED_SELECTOR = YES;
				GCC_WARN_UNINITIALIZED_AUTOS = YES_AGGRESSIVE;
				GCC_WARN_UNUSED_FUNCTION = YES;
				GCC_WARN_UNUSED_VARIABLE = YES;
				IPHONEOS_DEPLOYMENT_TARGET = 18.5;
				LOCALIZATION_PREFERS_STRING_CATALOGS = YES;
				MTL_ENABLE_DEBUG_INFO = INCLUDE_SOURCE;
				MTL_FAST_MATH = YES;
				ONLY_ACTIVE_ARCH = YES;
				SDKROOT = iphoneos;
				SWIFT_ACTIVE_COMPILATION_CONDITIONS = "DEBUG $(inherited)";
				SWIFT_OPTIMIZATION_LEVEL = "-Onone";
			};
			name = Debug;
		};
		DD4E4CF82E395459003CDCA5 /* Release */ = {
			isa = XCBuildConfiguration;
			buildSettings = {
				ALWAYS_SEARCH_USER_PATHS = NO;
				ASSETCATALOG_COMPILER_GENERATE_SWIFT_ASSET_SYMBOL_EXTENSIONS = YES;
				CLANG_ANALYZER_NONNULL = YES;
				CLANG_ANALYZER_NUMBER_OBJECT_CONVERSION = YES_AGGRESSIVE;
				CLANG_CXX_LANGUAGE_STANDARD = "gnu++20";
				CLANG_ENABLE_MODULES = YES;
				CLANG_ENABLE_OBJC_ARC = YES;
				CLANG_ENABLE_OBJC_WEAK = YES;
				CLANG_WARN_BLOCK_CAPTURE_AUTORELEASING = YES;
				CLANG_WARN_BOOL_CONVERSION = YES;
				CLANG_WARN_COMMA = YES;
				CLANG_WARN_CONSTANT_CONVERSION = YES;
				CLANG_WARN_DEPRECATED_OBJC_IMPLEMENTATIONS = YES;
				CLANG_WARN_DIRECT_OBJC_ISA_USAGE = YES_ERROR;
				CLANG_WARN_DOCUMENTATION_COMMENTS = YES;
				CLANG_WARN_EMPTY_BODY = YES;
				CLANG_WARN_ENUM_CONVERSION = YES;
				CLANG_WARN_INFINITE_RECURSION = YES;
				CLANG_WARN_INT_CONVERSION = YES;
				CLANG_WARN_NON_LITERAL_NULL_CONVERSION = YES;
				CLANG_WARN_OBJC_IMPLICIT_RETAIN_SELF = YES;
				CLANG_WARN_OBJC_LITERAL_CONVERSION = YES;
				CLANG_WARN_OBJC_ROOT_CLASS = YES_ERROR;
				CLANG_WARN_QUOTED_INCLUDE_IN_FRAMEWORK_HEADER = YES;
				CLANG_WARN_RANGE_LOOP_ANALYSIS = YES;
				CLANG_WARN_STRICT_PROTOTYPES = YES;
				CLANG_WARN_SUSPICIOUS_MOVE = YES;
				CLANG_WARN_UNGUARDED_AVAILABILITY = YES_AGGRESSIVE;
				CLANG_WARN_UNREACHABLE_CODE = YES;
				CLANG_WARN__DUPLICATE_METHOD_MATCH = YES;
				COPY_PHASE_STRIP = NO;
				DEBUG_INFORMATION_FORMAT = "dwarf-with-dsym";
				DEVELOPMENT_TEAM = K89LYL2W7L;
				ENABLE_NS_ASSERTIONS = NO;
				ENABLE_STRICT_OBJC_MSGSEND = YES;
				ENABLE_USER_SCRIPT_SANDBOXING = YES;
				GCC_C_LANGUAGE_STANDARD = gnu17;
				GCC_NO_COMMON_BLOCKS = YES;
				GCC_WARN_64_TO_32_BIT_CONVERSION = YES;
				GCC_WARN_ABOUT_RETURN_TYPE = YES_ERROR;
				GCC_WARN_UNDECLARED_SELECTOR = YES;
				GCC_WARN_UNINITIALIZED_AUTOS = YES_AGGRESSIVE;
				GCC_WARN_UNUSED_FUNCTION = YES;
				GCC_WARN_UNUSED_VARIABLE = YES;
				IPHONEOS_DEPLOYMENT_TARGET = 18.5;
				LOCALIZATION_PREFERS_STRING_CATALOGS = YES;
				MTL_ENABLE_DEBUG_INFO = NO;
				MTL_FAST_MATH = YES;
				SDKROOT = iphoneos;
				SWIFT_COMPILATION_MODE = wholemodule;
				VALIDATE_PRODUCT = YES;
			};
			name = Release;
		};
		DD4E4CFA2E395459003CDCA5 /* Debug */ = {
			isa = XCBuildConfiguration;
			buildSettings = {
				ASSETCATALOG_COMPILER_APPICON_NAME = AppIcon;
				ASSETCATALOG_COMPILER_GLOBAL_ACCENT_COLOR_NAME = AccentColor;
				CODE_SIGN_STYLE = Automatic;
				CURRENT_PROJECT_VERSION = 1;
				DEVELOPMENT_TEAM = K89LYL2W7L;
				ENABLE_PREVIEWS = YES;
				GENERATE_INFOPLIST_FILE = YES;
				INFOPLIST_KEY_CFBundleDisplayName = CalcBox;
				INFOPLIST_KEY_LSApplicationCategoryType = "public.app-category.utilities";
				INFOPLIST_KEY_UIApplicationSceneManifest_Generation = YES;
				INFOPLIST_KEY_UIApplicationSupportsIndirectInputEvents = YES;
				INFOPLIST_KEY_UILaunchScreen_Generation = YES;
				INFOPLIST_KEY_UISupportedInterfaceOrientations_iPad = "UIInterfaceOrientationPortrait UIInterfaceOrientationPortraitUpsideDown UIInterfaceOrientationLandscapeLeft UIInterfaceOrientationLandscapeRight";
				INFOPLIST_KEY_UISupportedInterfaceOrientations_iPhone = "UIInterfaceOrientationPortrait UIInterfaceOrientationLandscapeLeft UIInterfaceOrientationLandscapeRight";
				IPHONEOS_DEPLOYMENT_TARGET = 16.6;
				LD_RUNPATH_SEARCH_PATHS = (
					"$(inherited)",
					"@executable_path/Frameworks",
				);
				MARKETING_VERSION = 1.0;
				PRODUCT_BUNDLE_IDENTIFIER = com.evanjones.calcbox;
				PRODUCT_NAME = "$(TARGET_NAME)";
				SWIFT_EMIT_LOC_STRINGS = YES;
				SWIFT_VERSION = 5.0;
				TARGETED_DEVICE_FAMILY = "1,2";
			};
			name = Debug;
		};
		DD4E4CFB2E395459003CDCA5 /* Release */ = {
			isa = XCBuildConfiguration;
			buildSettings = {
				ASSETCATALOG_COMPILER_APPICON_NAME = AppIcon;
				ASSETCATALOG_COMPILER_GLOBAL_ACCENT_COLOR_NAME = AccentColor;
				CODE_SIGN_STYLE = Automatic;
				CURRENT_PROJECT_VERSION = 1;
				DEVELOPMENT_TEAM = K89LYL2W7L;
				ENABLE_PREVIEWS = YES;
				GENERATE_INFOPLIST_FILE = YES;
				INFOPLIST_KEY_CFBundleDisplayName = CalcBox;
				INFOPLIST_KEY_LSApplicationCategoryType = "public.app-category.utilities";
				INFOPLIST_KEY_UIApplicationSceneManifest_Generation = YES;
				INFOPLIST_KEY_UIApplicationSupportsIndirectInputEvents = YES;
				INFOPLIST_KEY_UILaunchScreen_Generation = YES;
				INFOPLIST_KEY_UISupportedInterfaceOrientations_iPad = "UIInterfaceOrientationPortrait UIInterfaceOrientationPortraitUpsideDown UIInterfaceOrientationLandscapeLeft UIInterfaceOrientationLandscapeRight";
				INFOPLIST_KEY_UISupportedInterfaceOrientations_iPhone = "UIInterfaceOrientationPortrait UIInterfaceOrientationLandscapeLeft UIInterfaceOrientationLandscapeRight";
				IPHONEOS_DEPLOYMENT_TARGET = 16.6;
				LD_RUNPATH_SEARCH_PATHS = (
					"$(inherited)",
					"@executable_path/Frameworks",
				);
				MARKETING_VERSION = 1.0;
				PRODUCT_BUNDLE_IDENTIFIER = com.evanjones.calcbox;
				PRODUCT_NAME = "$(TARGET_NAME)";
				SWIFT_EMIT_LOC_STRINGS = YES;
				SWIFT_VERSION = 5.0;
				TARGETED_DEVICE_FAMILY = "1,2";
			};
			name = Release;
		};
/* End XCBuildConfiguration section */

/* Begin XCConfigurationList section */
		DD4E4CE92E395458003CDCA5 /* Build configuration list for PBXProject "CalcBox" */ = {
			isa = XCConfigurationList;
			buildConfigurations = (
				DD4E4CF72E395459003CDCA5 /* Debug */,
				DD4E4CF82E395459003CDCA5 /* Release */,
			);
			defaultConfigurationIsVisible = 0;
			defaultConfigurationName = Release;
		};
		DD4E4CF92E395459003CDCA5 /* Build configuration list for PBXNativeTarget "CalcBox" */ = {
			isa = XCConfigurationList;
			buildConfigurations = (
				DD4E4CFA2E395459003CDCA5 /* Debug */,
				DD4E4CFB2E395459003CDCA5 /* Release */,
			);
			defaultConfigurationIsVisible = 0;
			defaultConfigurationName = Release;
		};
/* End XCConfigurationList section */
	};
	rootObject = DD4E4CE62E395458003CDCA5 /* Project object */;
}
